
Microsoft Visual Studio Solution File, Format Version 12.00
# Visual Studio Version 17
VisualStudioVersion = 17.3.32819.101
MinimumVisualStudioVersion = 10.0.40219.1
Project("{8BC9CEB8-8B4A-11D0-8D11-00A0C91BC942}") = "SleepingBarber", "SleepingBarber\SleepingBarber.vcxproj", "{AE8B9FAD-4E3E-4616-940A-D6601B51F123}"
EndProject
Global
	GlobalSection(SolutionConfigurationPlatforms) = preSolution
		Debug|x64 = Debug|x64
		Debug|x86 = Debug|x86
		Release|x64 = Release|x64
		Release|x86 = Release|x86
	EndGlobalSection
	GlobalSection(ProjectConfigurationPlatforms) = postSolution
		{AE8B9FAD-4E3E-4616-940A-D6601B51F123}.Debug|x64.ActiveCfg = Debug|x64
		{AE8B9FAD-4E3E-4616-940A-D6601B51F123}.Debug|x64.Build.0 = Debug|x64
		{AE8B9FAD-4E3E-4616-940A-D6601B51F123}.Debug|x86.ActiveCfg = Debug|Win32
		{AE8B9FAD-4E3E-4616-940A-D6601B51F123}.Debug|x86.Build.0 = Debug|Win32
		{AE8B9FAD-4E3E-4616-940A-D6601B51F123}.Release|x64.ActiveCfg = Release|x64
		{AE8B9FAD-4E3E-4616-940A-D6601B51F123}.Release|x64.Build.0 = Release|x64
		{AE8B9FAD-4E3E-4616-940A-D6601B51F123}.Release|x86.ActiveCfg = Release|Win32
		{AE8B9FAD-4E3E-4616-940A-D6601B51F123}.Release|x86.Build.0 = Release|Win32
	EndGlobalSection
	GlobalSection(SolutionProperties) = preSolution
		HideSolutionNode = FALSE
	EndGlobalSection
	GlobalSection(ExtensibilityGlobals) = postSolution
		SolutionGuid = {4ACA9E28-E250-4BFE-B3F6-32425A9BB227}
	EndGlobalSection
EndGlobal
